{
  "lockfileVersion": 2,
  "configVersion": 1,
  "workspaces": {
    "": {
      "name": "meowquee",
      "devDependencies": {
        "@rollup/plugin-terser": "^1.0.0",
        "@rollup/plugin-typescript": "^12.3.0",
        "@types/bun": "latest",
        "oxfmt": "^0.65.0",
        "oxlint": "^1.80.0",
        "rollup": "^4.63.0",
        "rollup-plugin-dts": "^6.5.1",
        "tslib": "^2.8.1",
        "typescript": "^6.0.0",
      },
    },
  },
  "packages": {
    "@babel/code-frame": ["@babel/code-frame@8.0.0", "", { "dependencies": { "@babel/helper-validator-identifier": "^8.0.0", "js-tokens": "^10.0.0" } }, "sha512-dYYg153EyN2Ekbqw2zAsbd6/JR+9N2SEoC7YV2GyyqMM7x9bLDTjBD6XBhSMLH0wtIVyJj03jWNriQhaN+eoCw=="],

    "@babel/helper-validator-identifier": ["@babel/helper-validator-identifier@8.0.4", "", {}, "sha512-4wFaiLd0bVo4cIoTXI3zKI038NIWE/cr3jvBjejOVYVxV/m8Ltav1USiGzG1fmS5J2RhgEOgXNNK46cRPnRsrg=="],

    "@jridgewell/gen-mapping": ["@jridgewell/gen-mapping@0.3.13", "", { "dependencies": { "@jridgewell/sourcemap-codec": "^1.5.0", "@jridgewell/trace-mapping": "^0.3.24" } }, "sha512-2kkt/7niJ6MgEPxF0bYdQ6etZaA+fQvDcLKckhy1yIQOzaoKjBBjSj63/aLVjYE3qhRt5dvM+uUyfCg6UKCBbA=="],

    "@jridgewell/remapping": ["@jridgewell/remapping@2.3.5", "", { "dependencies": { "@jridgewell/gen-mapping": "^0.3.5", "@jridgewell/trace-mapping": "^0.3.24" } }, "sha512-LI9u/+laYG4Ds1TDKSJW2YPrIlcVYOwi2fUC6xB43lueCjgxV4lffOCZCtYFiH6TNOX+tQKXx97T4IKHbhyHEQ=="],

    "@jridgewell/resolve-uri": ["@jridgewell/resolve-uri@3.1.2", "", {}, "sha512-bRISgCIjP20/tbWSPWMEi54QVPRZExkuD9lJL+UIxUKtwVJA8wW1Trb1jMs1RFXo1CBTNZ/5hpC9QvmKWdopKw=="],

    "@jridgewell/source-map": ["@jridgewell/source-map@0.3.11", "", { "dependencies": { "@jridgewell/gen-mapping": "^0.3.5", "@jridgewell/trace-mapping": "^0.3.25" } }, "sha512-ZMp1V8ZFcPG5dIWnQLr3NSI1MiCU7UETdS/A0G8V/XWHvJv3ZsFqutJn1Y5RPmAPX6F3BiE397OqveU/9NCuIA=="],

    "@jridgewell/sourcemap-codec": ["@jridgewell/sourcemap-codec@1.5.5", "", {}, "sha512-cYQ9310grqxueWbl+WuIUIaiUaDcj7WOq5fVhEljNVgRfOUhY9fy2zTvfoqWsnebh8Sl70VScFbICvJnLKB0Og=="],

    "@jridgewell/trace-mapping": ["@jridgewell/trace-mapping@0.3.31", "", { "dependencies": { "@jridgewell/resolve-uri": "^3.1.0", "@jridgewell/sourcemap-codec": "^1.4.14" } }, "sha512-zzNR+SdQSDJzc8joaeP8QQoCQr8NuYx2dIIytl1QeBEZHJ9uW6hebsrYgbz8hJwUQao3TWCMtmfV8Nu1twOLAw=="],

    "@napi-rs/lzma-linux-x64-gnu": ["@napi-rs/lzma-linux-x64-gnu@1.5.1", "", { "os": "linux", "cpu": "x64" }, "sha512-oTXEIha4SsuXdTA4Iyskj0kpdx2yVXdhd75c2v3xGrHFfVMsbhTPZU/nMPL4sWKo4pBHm3aucLaqGlF696dTyQ=="],

    "@oxfmt/binding-android-arm-eabi": ["@oxfmt/binding-android-arm-eabi@0.65.0", "", { "os": "android", "cpu": "arm" }, "sha512-M10Gs1SSpTNI6ahGx3M/OlIdUF4hkaP6OgUb+MS79t/Pgflk3r1nW5gPFqsZGUAXg0H1AfANT9AvLdBSTIhZKg=="],

    "@oxfmt/binding-android-arm64": ["@oxfmt/binding-android-arm64@0.65.0", "", { "os": "android", "cpu": "arm64" }, "sha512-6DXH5sftNlaHpWJG50hFMF+Qxtq5D2TmahvcDPxWNcGIf8qrC9Y0YgHYcYZ2hlWzaccKXh/f3GcssH8vtkl4JA=="],

    "@oxfmt/binding-darwin-arm64": ["@oxfmt/binding-darwin-arm64@0.65.0", "", { "os": "darwin", "cpu": "arm64" }, "sha512-K9m7lr53pcOLETNsC88sWes/GWHUGjZyHx95UhYcSXy0r30haLdeXlSufSenEAtoLaW753WN8/l4M7GYcRt6cg=="],

    "@oxfmt/binding-darwin-x64": ["@oxfmt/binding-darwin-x64@0.65.0", "", { "os": "darwin", "cpu": "x64" }, "sha512-sTNwIx1gre3MyiHOPLu7IGW4UyMScYL4DTmJT01p4vzB0En+OJUQz6KuH8t0PpsClRSaMuY3b0QmtoPItfO8Lg=="],

    "@oxfmt/binding-freebsd-x64": ["@oxfmt/binding-freebsd-x64@0.65.0", "", { "os": "freebsd", "cpu": "x64" }, "sha512-lYZMVIiIpnjGu5hJb2jxA8NYQ/e0OTGuaiAf4dqlGPNnPmUTu23FZRMltmjro/KkQm1uE4NT4n5yJ2zWmKcpfA=="],

    "@oxfmt/binding-linux-arm-gnueabihf": ["@oxfmt/binding-linux-arm-gnueabihf@0.65.0", "", { "os": "linux", "cpu": "arm" }, "sha512-gIdXFAt/bURnjxuoedDEWdZ0PEWEmdDcm8qdpoFYYvW3QMk/5D4vUaH4mlMeRpeTdST4izUgHVO6RawQ4QulJw=="],

    "@oxfmt/binding-linux-arm-musleabihf": ["@oxfmt/binding-linux-arm-musleabihf@0.65.0", "", { "os": "linux", "cpu": "arm" }, "sha512-jJVyADto7gA2AaX5qAjAexrxx9PJQaKWOe8PICE7yKMbjBRyOHcmj9TtVJ+MZYDUQ3hodU0AcoTj0jFQ1W4C6Q=="],

    "@oxfmt/binding-linux-arm64-gnu": ["@oxfmt/binding-linux-arm64-gnu@0.65.0", "", { "os": "linux", "cpu": "arm64" }, "sha512-p3RFkB+u7u+8up99b/NEcI1hdpLDiGgJYNwDorB60n7eH+eKposAKuMBxx+NqB3b+sJP4CZmYDh9G7X62tUsKg=="],

    "@oxfmt/binding-linux-arm64-musl": ["@oxfmt/binding-linux-arm64-musl@0.65.0", "", { "os": "linux", "cpu": "arm64" }, "sha512-5Prb0uFzJHr+OUD/qS/TmU526wD+PaHDsm3KoRiUXbMIDpTSErjeQYkK3OQeshAvD/PuLa9WGEi9WPajjdOZJg=="],

    "@oxfmt/binding-linux-ppc64-gnu": ["@oxfmt/binding-linux-ppc64-gnu@0.65.0", "", { "os": "linux", "cpu": "ppc64" }, "sha512-S8svxTp81obnF3admN9yd+u2rOYXtyzThLGBTg1PY6TPtGcC09BaaXLQD+TBSMa7yvqhCDZ8DFri+S/yG60qCg=="],

    "@oxfmt/binding-linux-riscv64-gnu": ["@oxfmt/binding-linux-riscv64-gnu@0.65.0", "", { "os": "linux", "cpu": "none" }, "sha512-WtXBr75G/h2qOHy8SiGtC1R6aS3jt4mE52v1D8AtwMXIgoOmSNP9lKvbSaTRoL0e5wsMPoi6T72QWDYPu+S+nA=="],

    "@oxfmt/binding-linux-riscv64-musl": ["@oxfmt/binding-linux-riscv64-musl@0.65.0", "", { "os": "linux", "cpu": "none" }, "sha512-YwSLVvpaz4o/nv/miiPEBJz+eJ+VmbgNIrao6RccK9ce+L5EA8wP+ZD0uFeq6wKOza6zoWv/dR0sj6lip6R3EA=="],

    "@oxfmt/binding-linux-s390x-gnu": ["@oxfmt/binding-linux-s390x-gnu@0.65.0", "", { "os": "linux", "cpu": "s390x" }, "sha512-XQTPqgvyrgkKcFq+Tp2eK6JS7sqqJ+nRmy2Fav4j3I+i4dJoPJm7YwEdoeSDX9xkqj9jZ/lWfF3bXUWztIrn6A=="],

    "@oxfmt/binding-linux-x64-gnu": ["@oxfmt/binding-linux-x64-gnu@0.65.0", "", { "os": "linux", "cpu": "x64" }, "sha512-cjZlx6S/VkeCNWCbwZriTnLnZeTcV3DEyeRGSw/2wwLP9viq+C0bJ4bC1k/ZLkFxDcB1lUgSasPkYGP1bdraOg=="],

    "@oxfmt/binding-linux-x64-musl": ["@oxfmt/binding-linux-x64-musl@0.65.0", "", { "os": "linux", "cpu": "x64" }, "sha512-2azCjxdLtK4zCcIOU1dlXlU0xxfbPi6EjwWx7Ac7teWPidIIDOcIhudup83xNCKYhtqeVd/gaVDOxbUq4syXWA=="],

    "@oxfmt/binding-openharmony-arm64": ["@oxfmt/binding-openharmony-arm64@0.65.0", "", { "os": "none", "cpu": "arm64" }, "sha512-KXQ7xi1e/voP0IQaw6fG6XY4Z5+Llf1XmRSZS1t7pVFCecFJ0iXaboKmVwjFtp5MLlT5iWQrJ2U1C3GJdZ2u+Q=="],

    "@oxfmt/binding-win32-arm64-msvc": ["@oxfmt/binding-win32-arm64-msvc@0.65.0", "", { "os": "win32", "cpu": "arm64" }, "sha512-2FbbjG5jEqLSLKVJwBap84uJfpn5Y5A53KEO0aUNr+zeiRB9nyPUIFMcSbZVMFLitfBytFWRNngozXYjb6Rsbw=="],

    "@oxfmt/binding-win32-ia32-msvc": ["@oxfmt/binding-win32-ia32-msvc@0.65.0", "", { "os": "win32", "cpu": "ia32" }, "sha512-LJ+ZacAPSjegDOnSLyA1TMWAhdDrsK4el3REdr1oL2UtVBCMhO2II/Sb3cEW6mF2MfLhl8hDNCSvc7KSbgk3LQ=="],

    "@oxfmt/binding-win32-x64-msvc": ["@oxfmt/binding-win32-x64-msvc@0.65.0", "", { "os": "win32", "cpu": "x64" }, "sha512-higu9cWEO6XXFzATD1jf0mCK34rNfN2H9JrJie7QB1IhleVpTh0QlLH9Ip2C1H/Nd5n0v5pvRtC+5R0uE4HpVg=="],

    "@oxlint/binding-android-arm-eabi": ["@oxlint/binding-android-arm-eabi@1.80.0", "", { "os": "android", "cpu": "arm" }, "sha512-RM3Plj+biQpxa5d1GOOX6ciDlcUROmm4OZ/pLTpitkQt2mJv4jhtY4cbgaetOm5UKWZe05/TGQ6o1Vl8EOHkrA=="],

    "@oxlint/binding-android-arm64": ["@oxlint/binding-android-arm64@1.80.0", "", { "os": "android", "cpu": "arm64" }, "sha512-YlO5JEf0Yr2bUUlu8O8daVcUxtcGGbcSmyV7E7nSbJbfAdxTE0PFPwgnIlw7wXJaTYjb+qs5hI5q3jxUkI7cAw=="],

    "@oxlint/binding-darwin-arm64": ["@oxlint/binding-darwin-arm64@1.80.0", "", { "os": "darwin", "cpu": "arm64" }, "sha512-BULDOyO3AhsmdWfQeIUCykDt3dd7XZBGLhp1eIh56skRv01O+cNjNPwXMIbeW1x4+pxcln5if72wcRgViVo7PA=="],

    "@oxlint/binding-darwin-x64": ["@oxlint/binding-darwin-x64@1.80.0", "", { "os": "darwin", "cpu": "x64" }, "sha512-YJ4JzLw7N5TDSQFlA0hAQGHvnDZgyypm1yunObVWcWiF9KM7eGCJKYKLgTC2Fi/57OdnBhbj4OkzPGdFQJ6HyA=="],

    "@oxlint/binding-freebsd-x64": ["@oxlint/binding-freebsd-x64@1.80.0", "", { "os": "freebsd", "cpu": "x64" }, "sha512-AYUIk5QnL0s8oWAYsREZwkRYy1SupJTXALo93J1TgzHywxQtdM99FecRMQ87MXEdPQ0j1TmEpeeq3fGNkpvMqg=="],

    "@oxlint/binding-linux-arm-gnueabihf": ["@oxlint/binding-linux-arm-gnueabihf@1.80.0", "", { "os": "linux", "cpu": "arm" }, "sha512-9hBZVANupQ89W9dXyE0n8doCyaW5pDyGn3y6XlIMPZ+rIKuyqkr3SNUXmVJIhuvUq0NBU3RBiSXXE69l4XI6KA=="],

    "@oxlint/binding-linux-arm-musleabihf": ["@oxlint/binding-linux-arm-musleabihf@1.80.0", "", { "os": "linux", "cpu": "arm" }, "sha512-SvS2uKqzY+pbfuvAHzH4338R6Zwo805GAwrIMVvK1KxoOWCIjZUdfzTCvilD7z6JK91v011+zYMryabhDo2AsQ=="],

    "@oxlint/binding-linux-arm64-gnu": ["@oxlint/binding-linux-arm64-gnu@1.80.0", "", { "os": "linux", "cpu": "arm64" }, "sha512-tCLadyqRVL3pQTRPNg7cjXKvcvS4fbyXeQHhKk5BTJ1oftQln5/yIIWbu/Xom/DX41zv2P9QGt6+D/TtQVtY3A=="],

    "@oxlint/binding-linux-arm64-musl": ["@oxlint/binding-linux-arm64-musl@1.80.0", "", { "os": "linux", "cpu": "arm64" }, "sha512-XfpCNRlOPcLlJl4Bn/FUhjqlR6BVavEykERBf/MV7YA9VZDa5g5znVqYhyviMafcxS9Pe/i/kPvHNO0U6svEHQ=="],

    "@oxlint/binding-linux-ppc64-gnu": ["@oxlint/binding-linux-ppc64-gnu@1.80.0", "", { "os": "linux", "cpu": "ppc64" }, "sha512-3I4yMwcFG9NeO8ioY6JBBuKsIm5GL/x7MATt1S4tVWaxPu5HcJ+XnLUbcVBTxG8q2Wu56HSj+NmXQiVYb1lp6A=="],

    "@oxlint/binding-linux-riscv64-gnu": ["@oxlint/binding-linux-riscv64-gnu@1.80.0", "", { "os": "linux", "cpu": "none" }, "sha512-E1wAKymkpe1/E8helzBKdm81OBOF+ezxRyXRMEuik3ZpWDER5CPOKZwF66RsdwW98uwZv8UTFremUQtC1CzdJA=="],

    "@oxlint/binding-linux-riscv64-musl": ["@oxlint/binding-linux-riscv64-musl@1.80.0", "", { "os": "linux", "cpu": "none" }, "sha512-+gLRGD4sIo3+VA++iham5UxD9tKSoJ/VOrROCEXIcknrYtQg6iIQgvjN0cpiRF7N6UYC7pJbvHJlDnMge5LRpQ=="],

    "@oxlint/binding-linux-s390x-gnu": ["@oxlint/binding-linux-s390x-gnu@1.80.0", "", { "os": "linux", "cpu": "s390x" }, "sha512-aR0PrzHj9leW3NmzBAAP4EzdoBNoJcs9sjnIQPIwyRnBGYrRbXUIpEB5Q39AqK3PLY5JK5uEhDQDiUa1QSAstw=="],

    "@oxlint/binding-linux-x64-gnu": ["@oxlint/binding-linux-x64-gnu@1.80.0", "", { "os": "linux", "cpu": "x64" }, "sha512-vSVh5cSo3Xxs6ghBCcFJlpbkbENzDog1qXtoXLa/HC3aCrR4XO76GZbXmQoCPHnu99nQpdCeC3H9tdNICfDh7A=="],

    "@oxlint/binding-linux-x64-musl": ["@oxlint/binding-linux-x64-musl@1.80.0", "", { "os": "linux", "cpu": "x64" }, "sha512-FfzBXpNQ8u7/ZI/p8bl73MeZ508Ax3hxWp3SiJpEFiC+BB9XcXy5FAZHTLKDPSzrUpxQZSZJAVdDmuJp/+HDBQ=="],

    "@oxlint/binding-openharmony-arm64": ["@oxlint/binding-openharmony-arm64@1.80.0", "", { "os": "none", "cpu": "arm64" }, "sha512-zMzbkumtmprCgRwoYNzcB3iC39fXdJIMLMU33KdCjEGLlJGOEt1+LwQ4LF8ndLzAEKVz4BR0y3V6Xrkk3Nm3yA=="],

    "@oxlint/binding-win32-arm64-msvc": ["@oxlint/binding-win32-arm64-msvc@1.80.0", "", { "os": "win32", "cpu": "arm64" }, "sha512-ib6iRcrXsk4t1fm3iKcwksyWh1ZkZXC/2mEzakl0ai2+6HZunf1WWMZ/xP9EJAvw9g9K4UVTC3NF/+G2qLrbTQ=="],

    "@oxlint/binding-win32-ia32-msvc": ["@oxlint/binding-win32-ia32-msvc@1.80.0", "", { "os": "win32", "cpu": "ia32" }, "sha512-xhRWBMpLxZvgKAH6+DJZmpP+W8Y8UdQOSU1JfxSWNXsaBaRGW77j+1hCuNHlzj7OH4SPN8fYd1q0o2qrDtoVyw=="],

    "@oxlint/binding-win32-x64-msvc": ["@oxlint/binding-win32-x64-msvc@1.80.0", "", { "os": "win32", "cpu": "x64" }, "sha512-yAnO7lwBYQnz2pcfBPIGQQZWIX5zd5R/1aAKIF3oE+TVj7IhoHcROjOkz3sRDngzqhfPKfFaXqug5j5rE5dn6Q=="],

    "@rollup/plugin-terser": ["@rollup/plugin-terser@1.0.0", "", { "dependencies": { "serialize-javascript": "^7.0.3", "smob": "^1.0.0", "terser": "^5.17.4" }, "peerDependencies": { "rollup": "^2.0.0||^3.0.0||^4.0.0" }, "optionalPeers": ["rollup"] }, "sha512-FnCxhTBx6bMOYQrar6C8h3scPt8/JwIzw3+AJ2K++6guogH5fYaIFia+zZuhqv0eo1RN7W1Pz630SyvLbDjhtQ=="],

    "@rollup/plugin-typescript": ["@rollup/plugin-typescript@12.3.0", "", { "dependencies": { "@rollup/pluginutils": "^5.1.0", "resolve": "^1.22.1" }, "peerDependencies": { "rollup": "^2.14.0||^3.0.0||^4.0.0", "tslib": "*", "typescript": ">=3.7.0" }, "optionalPeers": ["rollup", "tslib"] }, "sha512-7DP0/p7y3t67+NabT9f8oTBFE6gGkto4SA6Np2oudYmZE/m1dt8RB0SjL1msMxFpLo631qjRCcBlAbq1ml/Big=="],

    "@rollup/pluginutils": ["@rollup/pluginutils@5.4.0", "", { "dependencies": { "@types/estree": "^1.0.0", "estree-walker": "^2.0.2", "picomatch": "^4.0.2" }, "peerDependencies": { "rollup": "^1.20.0||^2.0.0||^3.0.0||^4.0.0" }, "optionalPeers": ["rollup"] }, "sha512-MfPp06CjRLfXQ3wY0R8vJDYBy/MvVcc9OulEfR0B8Iv9ko+GCNaRZ+EpJYFl27LhKsZK0o420sYCRHCjfCgeUg=="],

    "@rollup/rollup-android-arm-eabi": ["@rollup/rollup-android-arm-eabi@4.63.0", "", { "os": "android", "cpu": "arm" }, "sha512-70TeIFezKKy65LgAVyQh+w94/gjWhvPWaLaGGeMEgVrPkQhuj/M5bAYYZzIFUj9Y69oHyTm5Um/R6gcLh4A8JA=="],

    "@rollup/rollup-android-arm64": ["@rollup/rollup-android-arm64@4.63.0", "", { "os": "android", "cpu": "arm64" }, "sha512-YC86tYIHK6M1IV+wbzO+Bxk8RCBr6ZyWYgWxUCzaZD8mc8rrFoIJDNzDrkHBYRc/wKdrsIXmm6/F7NzrAO+OrA=="],

    "@rollup/rollup-darwin-arm64": ["@rollup/rollup-darwin-arm64@4.63.0", "", { "os": "darwin", "cpu": "arm64" }, "sha512-oI+ECtUcli0y0fi4xpW82GdPIXdTkI8G8DSjG2LRuw09fPAGykaWYH/hXxiKuTxiAjiPSTIIuYUqof5Z2hShWw=="],

    "@rollup/rollup-darwin-x64": ["@rollup/rollup-darwin-x64@4.63.0", "", { "os": "darwin", "cpu": "x64" }, "sha512-NwV+1s7TiKrMe4owHyKB/dTLD7ZJD0YEBEhIz+hvav1Cu1GReJjF+rsdNwjzENQeIAbE/CoNiaAc5Vz2h5DPAA=="],

    "@rollup/rollup-freebsd-arm64": ["@rollup/rollup-freebsd-arm64@4.63.0", "", { "os": "freebsd", "cpu": "arm64" }, "sha512-tWtHBTu5gOPK4u4Urtk4qAHW3zZ9rQAmbssO8gp7ELvGTGI3aCiq6NqyTQ0PCIg7KbHJF2UkGDDs77YZGxfjCA=="],

    "@rollup/rollup-freebsd-x64": ["@rollup/rollup-freebsd-x64@4.63.0", "", { "os": "freebsd", "cpu": "x64" }, "sha512-2qPoJiwTvtHQ27NnYvTnsgk8laXWYuVmNESG8WFZBcEPKLfZ3I27qBJarjVRQtwGeYyRfq5ZowHXih9lm2BItw=="],

    "@rollup/rollup-linux-arm-gnueabihf": ["@rollup/rollup-linux-arm-gnueabihf@4.63.0", "", { "os": "linux", "cpu": "arm" }, "sha512-FQwsTRvLNuHoTdICABJQfbPUSEueISGmnpT06tXTMpfprf5NiKLSXKA0A+w45wJnCmZAnzgqBwbt6ARFuyOi5w=="],

    "@rollup/rollup-linux-arm-musleabihf": ["@rollup/rollup-linux-arm-musleabihf@4.63.0", "", { "os": "linux", "cpu": "arm" }, "sha512-BBVTXziw8mY1a4ZbWME9tZyfzqXCDPqaC7Z3heQ29p5dkvXzwL0NwelO8zLa8c3RBKvl3YTuSnBgsBhYBtwjIw=="],

    "@rollup/rollup-linux-arm64-gnu": ["@rollup/rollup-linux-arm64-gnu@4.63.0", "", { "os": "linux", "cpu": "arm64" }, "sha512-w2Iyy9+RqKwx3d9qWMKsJg0FfRBsY0/pXNv0mCQ3ueRvJI6+QAScfD4nrMlzFLs2HNVW6Ew+mtZfDl9b7Ew5/Q=="],

    "@rollup/rollup-linux-arm64-musl": ["@rollup/rollup-linux-arm64-musl@4.63.0", "", { "os": "linux", "cpu": "arm64" }, "sha512-YK++KtrFRHYE0P6/RtYEAy9t8F37znP+K03RrIuLPYOL6SVlObRumf/0OE4V/h63xL9DwkWbNssZfmA9hawuDA=="],

    "@rollup/rollup-linux-loong64-gnu": ["@rollup/rollup-linux-loong64-gnu@4.63.0", "", { "os": "linux", "cpu": "none" }, "sha512-aBfOG6fP7YkkPmTqPwufRJeFyz7WPpECv9XNbnsk9+vg7rxdih0lbtEel7jcRng4LZrrmU3FfitCFyEj4BWDWg=="],

    "@rollup/rollup-linux-loong64-musl": ["@rollup/rollup-linux-loong64-musl@4.63.0", "", { "os": "linux", "cpu": "none" }, "sha512-LGaHEOeHNAag9VuS1Crs5DFg4RrU9MPi2nVnNJk9DTePx/B6RRYKVmrIXt2h7YOJlwjaFJ6lwtFDliZxScTLrQ=="],

    "@rollup/rollup-linux-ppc64-gnu": ["@rollup/rollup-linux-ppc64-gnu@4.63.0", "", { "os": "linux", "cpu": "ppc64" }, "sha512-jClvk+J0FC3b7Udvegiw5/4hErbHtmsNsQgENnKXDWtNCJXsJYZH5WURvu7imDOO38xYml24eeh5x3A04ppwCw=="],

    "@rollup/rollup-linux-ppc64-musl": ["@rollup/rollup-linux-ppc64-musl@4.63.0", "", { "os": "linux", "cpu": "ppc64" }, "sha512-0OJlaGK+8+B777Ql5okIpD7ua5Ro9+VB9Ve0OKa28OQJZ1RbuUBVNHK/e3pr4BROqsyPl1JrPO1ZxJseCNffcA=="],

    "@rollup/rollup-linux-riscv64-gnu": ["@rollup/rollup-linux-riscv64-gnu@4.63.0", "", { "os": "linux", "cpu": "none" }, "sha512-Ygsx+HoNH7afwi1bTIXbnTvVnsO+zurPLSYxybV1hHFVU72OWOCl6v05ql/z0hkpAPx+DK7Kn9Bi7MayCcjLTA=="],

    "@rollup/rollup-linux-riscv64-musl": ["@rollup/rollup-linux-riscv64-musl@4.63.0", "", { "os": "linux", "cpu": "none" }, "sha512-pDQxtMGb+OvG3fLwR2OkZlSd47hW+kWg4BYMG/++sR6RqorQccwPTDsxda5hPwiIeIErAnCF9ma3SAU06bdQtQ=="],

    "@rollup/rollup-linux-s390x-gnu": ["@rollup/rollup-linux-s390x-gnu@4.63.0", "", { "os": "linux", "cpu": "s390x" }, "sha512-0BnUG9mS8I4SSHr3XsxVhuCMEiu+rX61xxZF5vujso4LaiAGFZFxvDjg6Xn6tLPNTUAfuCvQYas4LMQMVsKRSQ=="],

    "@rollup/rollup-linux-x64-gnu": ["@rollup/rollup-linux-x64-gnu@4.63.0", "", { "os": "linux", "cpu": "x64" }, "sha512-Adu/VttB1dpPNW+FEacrZ+xVm9tFty84+RrFzsqlFaPxoJB+9XXyDGtp5dCOoBwGBIEVH0To7lExFXEx0BIF4A=="],

    "@rollup/rollup-linux-x64-musl": ["@rollup/rollup-linux-x64-musl@4.63.0", "", { "os": "linux", "cpu": "x64" }, "sha512-NQ3bDvjUbFKmP23671xUlXtKmqVsUBd6M4PQCvbmNtOy06hnQIdKHy8oG/6S3R/S6He1JgPk6A5VT+prAJMYEw=="],

    "@rollup/rollup-openbsd-x64": ["@rollup/rollup-openbsd-x64@4.63.0", "", { "os": "openbsd", "cpu": "x64" }, "sha512-u2eDAl4+0aFvA13GxlGBtTI3SS3sdgwgtV0HyjZ0QaQVCgNE+jqNGey+GtxWiq+wxr/UycAx/OnfJzApCFamvA=="],

    "@rollup/rollup-openharmony-arm64": ["@rollup/rollup-openharmony-arm64@4.63.0", "", { "os": "none", "cpu": "arm64" }, "sha512-XvRb5vfW3wAZQ+ZUG21AnHHDKtNcw99eigzEhjr//NZ3u7SoBaPP0seSc7FgP7p1epAEdAoZckMW9WY/+4w70w=="],

    "@rollup/rollup-win32-arm64-msvc": ["@rollup/rollup-win32-arm64-msvc@4.63.0", "", { "os": "win32", "cpu": "arm64" }, "sha512-iZPmniy4kNBf5yo2RezbkYNNK5HPbXE9+g+twnbqSng7dtLEJy1SKoxiE/ni4FDacjyuZpEeb9U054N4EoKHYw=="],

    "@rollup/rollup-win32-ia32-msvc": ["@rollup/rollup-win32-ia32-msvc@4.63.0", "", { "os": "win32", "cpu": "ia32" }, "sha512-mFBBd+LF37fnE8JnYUOH+imj0aPFPK30vpar4ehJkgnLj9sZn8ZxiRENmLtgIwxK7TC8klF6N57fxdNBwQoqOA=="],

    "@rollup/rollup-win32-x64-gnu": ["@rollup/rollup-win32-x64-gnu@4.63.0", "", { "os": "win32", "cpu": "x64" }, "sha512-ujeqEY3B+zbGn3Z4Q03cUBG/LGWnBJncVT36WER31LcOsQk9+1dmINKKtvmmfChUvRbK1G0R8OhMWFgHgaZtAw=="],

    "@rollup/rollup-win32-x64-msvc": ["@rollup/rollup-win32-x64-msvc@4.63.0", "", { "os": "win32", "cpu": "x64" }, "sha512-hncn90N4sOky0L2LKE5oESKLbxCPeVo4eLA2LSMoDzM+879ml4WSr+Rr4DWknNIVVvS1Hirkc9hx02W6YxS8rQ=="],

    "@types/bun": ["@types/bun@1.4.0", "", { "dependencies": { "bun-types": "1.4.0" } }, "sha512-K+lZULY23vRgK/CfTjFIV+tyifaNdSMlPh9j+6mQ/cLfpOznLyAuzgV/JQysyECpkBQLVMSyvjlr2fBUSA9wFQ=="],

    "@types/estree": ["@types/estree@1.0.9", "", {}, "sha512-GhdPgy1el4/ImP05X05Uw4cw2/M93BCUmnEvWZNStlCzEKME4Fkk+YpoA5OiHNQmoS7Cafb8Xa3Pya8m1Qrzeg=="],

    "@types/node": ["@types/node@26.3.0", "", { "dependencies": { "undici-types": "~8.3.0" } }, "sha512-L3fgrnchriRC2ExBflb8j4uZZURHZfQsmQeyVzhjcHW4kkwVyo8/0h1B2MVzMTrYUJYu6G7EWs14hW/L9putqw=="],

    "acorn": ["acorn@8.18.0", "", { "bin": { "acorn": "bin/acorn" } }, "sha512-lGq+9yr1/GuAWaVYIHRjvvySG5/4VfKIvC8EWxStPdcDh/Ka7FG3twP6v4d5BkravUilhIAsG4Qj83t02LWUPQ=="],

    "buffer-from": ["buffer-from@1.1.2", "", {}, "sha512-E+XQCRwSbaaiChtv6k6Dwgc+bx+Bs6vuKJHHl5kox/BaKbhiXzqQOwK4cO22yElGp2OCmjwVhT3HmxgyPGnJfQ=="],

    "bun-types": ["bun-types@1.4.0", "", { "dependencies": { "@types/node": "*" } }, "sha512-iIKw23BspnQQYd3prITOBxeUsxBHnwzX6YJfGMuNOZzeNcMmVqzIIVGRm1l69ogaPQmb4wB6BN8mA5bE9YuC5Q=="],

    "commander": ["commander@2.20.3", "", {}, "sha512-GpVkmM8vF2vQUkj2LvZmD35JxeJOLCwJ9cUkugyk2nuhbv3+mJvpLYYt+0+USMxE+oj+ey/lJEnhZw75x/OMcQ=="],

    "convert-source-map": ["convert-source-map@2.0.0", "", {}, "sha512-Kvp459HrV2FEJ1CAsi1Ku+MY3kasH19TFykTz2xWmMeq6bk2NU3XXvfJ+Q61m0xktWwt+1HSYf3JZsTms3aRJg=="],

    "es-errors": ["es-errors@1.3.0", "", {}, "sha512-Zf5H2Kxt2xjTvbJvP2ZWLEICxA6j+hAmMzIlypy4xcBg1vKVnx89Wy0GbS+kf5cwCVFFzdCFh2XSCFNULS6csw=="],

    "estree-walker": ["estree-walker@2.0.2", "", {}, "sha512-Rfkk/Mp/DL7JVje3u18FxFujQlTNR2q6QfMSMB7AvCBx91NGj/ba3kCfza0f6dVDbw7YlRf/nDrn7pQrCCyQ/w=="],

    "fsevents": ["fsevents@2.3.3", "", { "os": "darwin" }, "sha512-5xoDfX+fL7faATnagmWPpbFtwh/R77WmMMqqHGS65C3vvB0YHrgF+B1YmZ3441tMj5n63k0212XNoJwzlhffQw=="],

    "function-bind": ["function-bind@1.1.2", "", {}, "sha512-7XHNxH7qX9xG5mIwxkhumTox/MIRNcOgDrxWsMt2pAr23WHp6MrRlN7FBSFpCpr+oVO0F744iUgR82nJMfG2SA=="],

    "hasown": ["hasown@2.0.4", "", { "dependencies": { "function-bind": "^1.1.2" } }, "sha512-T2UbfbBEF32wiepXIsMlTW9+dDYC6wMh/t/vYA4tuOMKqWz/n3vr1NFSxQiyP+zk2mXsoMA/i/7qV6LKut1t1A=="],

    "is-core-module": ["is-core-module@2.16.2", "", { "dependencies": { "hasown": "^2.0.3" } }, "sha512-evOr8xfXKxE6qSR0hSXL2r3sd7ALj8+7jQEUvPYcm5sgZFdJ+AYzT6yNmJenvIYQBgIGwfwz08sL8zoL7yq2BA=="],

    "js-tokens": ["js-tokens@10.0.0", "", {}, "sha512-lM/UBzQmfJRo9ABXbPWemivdCW8V2G8FHaHdypQaIy523snUjog0W71ayWXTjiR+ixeMyVHN2XcpnTd/liPg/Q=="],

    "magic-string": ["magic-string@0.30.21", "", { "dependencies": { "@jridgewell/sourcemap-codec": "^1.5.5" } }, "sha512-vd2F4YUyEXKGcLHoq+TEyCjxueSeHnFxyyjNp80yg0XV4vUhnDer/lvvlqM/arB5bXQN5K2/3oinyCRyx8T2CQ=="],

    "oxfmt": ["oxfmt@0.65.0", "", { "dependencies": { "tinypool": "2.1.0" }, "optionalDependencies": { "@oxfmt/binding-android-arm-eabi": "0.65.0", "@oxfmt/binding-android-arm64": "0.65.0", "@oxfmt/binding-darwin-arm64": "0.65.0", "@oxfmt/binding-darwin-x64": "0.65.0", "@oxfmt/binding-freebsd-x64": "0.65.0", "@oxfmt/binding-linux-arm-gnueabihf": "0.65.0", "@oxfmt/binding-linux-arm-musleabihf": "0.65.0", "@oxfmt/binding-linux-arm64-gnu": "0.65.0", "@oxfmt/binding-linux-arm64-musl": "0.65.0", "@oxfmt/binding-linux-ppc64-gnu": "0.65.0", "@oxfmt/binding-linux-riscv64-gnu": "0.65.0", "@oxfmt/binding-linux-riscv64-musl": "0.65.0", "@oxfmt/binding-linux-s390x-gnu": "0.65.0", "@oxfmt/binding-linux-x64-gnu": "0.65.0", "@oxfmt/binding-linux-x64-musl": "0.65.0", "@oxfmt/binding-openharmony-arm64": "0.65.0", "@oxfmt/binding-win32-arm64-msvc": "0.65.0", "@oxfmt/binding-win32-ia32-msvc": "0.65.0", "@oxfmt/binding-win32-x64-msvc": "0.65.0" }, "peerDependencies": { "svelte": "^5.0.0", "vite-plus": "*" }, "optionalPeers": ["svelte", "vite-plus"], "bin": { "oxfmt": "bin/oxfmt" } }, "sha512-SgS5VgnP42T0zl3zWD+xoH8FCqg1SAFnSRoOT/qeoa6gxcYIqrDMOmcXIg/EWSN92Du4ogB4riuKhKd6Y4CGhw=="],

    "oxlint": ["oxlint@1.80.0", "", { "optionalDependencies": { "@oxlint/binding-android-arm-eabi": "1.80.0", "@oxlint/binding-android-arm64": "1.80.0", "@oxlint/binding-darwin-arm64": "1.80.0", "@oxlint/binding-darwin-x64": "1.80.0", "@oxlint/binding-freebsd-x64": "1.80.0", "@oxlint/binding-linux-arm-gnueabihf": "1.80.0", "@oxlint/binding-linux-arm-musleabihf": "1.80.0", "@oxlint/binding-linux-arm64-gnu": "1.80.0", "@oxlint/binding-linux-arm64-musl": "1.80.0", "@oxlint/binding-linux-ppc64-gnu": "1.80.0", "@oxlint/binding-linux-riscv64-gnu": "1.80.0", "@oxlint/binding-linux-riscv64-musl": "1.80.0", "@oxlint/binding-linux-s390x-gnu": "1.80.0", "@oxlint/binding-linux-x64-gnu": "1.80.0", "@oxlint/binding-linux-x64-musl": "1.80.0", "@oxlint/binding-openharmony-arm64": "1.80.0", "@oxlint/binding-win32-arm64-msvc": "1.80.0", "@oxlint/binding-win32-ia32-msvc": "1.80.0", "@oxlint/binding-win32-x64-msvc": "1.80.0" }, "peerDependencies": { "oxlint-tsgolint": ">=7.0.2001", "vite-plus": "*" }, "optionalPeers": ["oxlint-tsgolint", "vite-plus"], "bin": { "oxlint": "bin/oxlint" } }, "sha512-5nTiSps4qdbCWLbxzuO00alHkEO2exR9YMN/ig6QXWrLsYSG0KaObOAM+l6oU2LcKPWoSAGYbkZIGEu1ViiWKA=="],

    "path-parse": ["path-parse@1.0.7", "", {}, "sha512-LDJzPVEEEPR+y48z93A0Ed0yXb8pAByGWo/k5YYdYgpY2/2EsOsksJrq7lOHxryrVOn1ejG6oAp8ahvOIQD8sw=="],

    "picomatch": ["picomatch@4.0.7", "", {}, "sha512-qcJu88Q2IWqJsDD529JKMdwGm/dvInW4HvQnRwiH9JtihJvzGOscDtHE3x1pBKeUOTysQ8kVmLnJ2kJu7yhcGA=="],

    "resolve": ["resolve@1.22.12", "", { "dependencies": { "es-errors": "^1.3.0", "is-core-module": "^2.16.1", "path-parse": "^1.0.7", "supports-preserve-symlinks-flag": "^1.0.0" }, "bin": { "resolve": "bin/resolve" } }, "sha512-TyeJ1zif53BPfHootBGwPRYT1RUt6oGWsaQr8UyZW/eAm9bKoijtvruSDEmZHm92CwS9nj7/fWttqPCgzep8CA=="],

    "rollup": ["rollup@4.63.0", "", { "dependencies": { "@types/estree": "1.0.9" }, "optionalDependencies": { "@napi-rs/lzma-linux-x64-gnu": "1.5.1", "@rollup/rollup-android-arm-eabi": "4.63.0", "@rollup/rollup-android-arm64": "4.63.0", "@rollup/rollup-darwin-arm64": "4.63.0", "@rollup/rollup-darwin-x64": "4.63.0", "@rollup/rollup-freebsd-arm64": "4.63.0", "@rollup/rollup-freebsd-x64": "4.63.0", "@rollup/rollup-linux-arm-gnueabihf": "4.63.0", "@rollup/rollup-linux-arm-musleabihf": "4.63.0", "@rollup/rollup-linux-arm64-gnu": "4.63.0", "@rollup/rollup-linux-arm64-musl": "4.63.0", "@rollup/rollup-linux-loong64-gnu": "4.63.0", "@rollup/rollup-linux-loong64-musl": "4.63.0", "@rollup/rollup-linux-ppc64-gnu": "4.63.0", "@rollup/rollup-linux-ppc64-musl": "4.63.0", "@rollup/rollup-linux-riscv64-gnu": "4.63.0", "@rollup/rollup-linux-riscv64-musl": "4.63.0", "@rollup/rollup-linux-s390x-gnu": "4.63.0", "@rollup/rollup-linux-x64-gnu": "4.63.0", "@rollup/rollup-linux-x64-musl": "4.63.0", "@rollup/rollup-openbsd-x64": "4.63.0", "@rollup/rollup-openharmony-arm64": "4.63.0", "@rollup/rollup-win32-arm64-msvc": "4.63.0", "@rollup/rollup-win32-ia32-msvc": "4.63.0", "@rollup/rollup-win32-x64-gnu": "4.63.0", "@rollup/rollup-win32-x64-msvc": "4.63.0", "fsevents": "~2.3.2" }, "bin": { "rollup": "dist/bin/rollup" } }, "sha512-T5vnZ2y4QqC3/4P+w2+JO+Q/OVdnPsv4XcSYJYMEn0R9/jjl5AgLwO9LAZMzP2lN71O6pypn91rB7lDstUkfrQ=="],

    "rollup-plugin-dts": ["rollup-plugin-dts@6.5.1", "", { "dependencies": { "@jridgewell/remapping": "^2.3.5", "@jridgewell/sourcemap-codec": "^1.5.5", "convert-source-map": "^2.0.0", "magic-string": "^0.30.21" }, "optionalDependencies": { "@babel/code-frame": "^8.0.0" }, "peerDependencies": { "@typescript/typescript6": "^6", "rollup": "^3 || ^4", "typescript": "^4.5 || ^5 || ^6 || ^7" }, "optionalPeers": ["@typescript/typescript6"] }, "sha512-jODTXp3H7MK/Ur/ErtsrQ0G1GvaCmc3du+y5pNrdBMf6d7HlL2Nd/N6TkEr+f75CkUj01zEoEd7y2elH0eHi1Q=="],

    "serialize-javascript": ["serialize-javascript@7.1.0", "", {}, "sha512-RNEqWOyhhUQYN9V1GfHwu9AR/g+NTciH6Z5u3/no6X3/w+04J2lVDL+svFQVXgXrEGBMG2puMVN3gq2SNGuTGw=="],

    "smob": ["smob@1.6.2", "", {}, "sha512-RQsvleCbF8cVHEv+xuDGaA4pOizFqJ0GgjtMSRo6oP8pnN7WsigHgVGey6aILRBKv4W2YOMHLqbKdnB6hpB9fw=="],

    "source-map": ["source-map@0.6.1", "", {}, "sha512-UjgapumWlbMhkBgzT7Ykc5YXUT46F0iKu8SGXq0bcwP5dz/h0Plj6enJqjz1Zbq2l5WaqYnrVbwWOWMyF3F47g=="],

    "source-map-support": ["source-map-support@0.5.21", "", { "dependencies": { "buffer-from": "^1.0.0", "source-map": "^0.6.0" } }, "sha512-uBHU3L3czsIyYXKX88fdrGovxdSCoTGDRZ6SYXtSRxLZUzHg5P/66Ht6uoUlHu9EZod+inXhKo3qQgwXUT/y1w=="],

    "supports-preserve-symlinks-flag": ["supports-preserve-symlinks-flag@1.0.0", "", {}, "sha512-ot0WnXS9fgdkgIcePe6RHNk1WA8+muPa6cSjeR3V8K27q9BB1rTE3R1p7Hv0z1ZyAc8s6Vvv8DIyWf681MAt0w=="],

    "terser": ["terser@5.51.0", "", { "dependencies": { "@jridgewell/source-map": "^0.3.3", "acorn": "^8.15.0", "commander": "^2.20.0", "source-map-support": "~0.5.20" }, "bin": { "terser": "bin/terser" } }, "sha512-myiQ6aFnxDOjdiXdTlC8ngVccQD88uHXTx5RUQOSEnarDYgJMjDagwAQszcOusjvmf4YqWsxoD1+MY+oAJRmpw=="],

    "tinypool": ["tinypool@2.1.0", "", {}, "sha512-Pugqs6M0m7Lv1I7FtxN4aoyToKg1C4tu+/381vH35y8oENM/Ai7f7C4StcoK4/+BSw9ebcS8jRiVrORFKCALLw=="],

    "tslib": ["tslib@2.8.1", "", {}, "sha512-oJFu94HQb+KVduSUQL7wnpmqnfmLsOA/nAh6b6EH0wCEoK0/mPeXU6c3wKDV83MkOuHPRHtSXKKU99IBazS/2w=="],

    "typescript": ["typescript@6.0.3", "", { "bin": { "tsc": "bin/tsc", "tsserver": "bin/tsserver" } }, "sha512-y2TvuxSZPDyQakkFRPZHKFm+KKVqIisdg9/CZwm9ftvKXLP8NRWj38/ODjNbr43SsoXqNuAisEf1GdCxqWcdBw=="],

    "undici-types": ["undici-types@8.3.0", "", {}, "sha512-j375ScV60dom+YkPFIfTLcOiPxkN/buHz5GobjLhixFuANaNs3C9l4GmrWqejgXWJ7BbJcFYpTEUkS1Ge8bpZQ=="],
  }
}
